
Microsoft Visual Studio Solution File, Format Version 12.00
# Visual Studio 15
VisualStudioVersion = 15.0.28307.421
MinimumVisualStudioVersion = 10.0.40219.1
Project("{FAE04EC0-301F-11D3-BF4B-00C04F79EFBC}") = "Project01", "Project01\Project01.csproj", "{268879AD-7412-4F55-9AFF-BC33B7723389}"
EndProject
Global
	GlobalSection(SolutionConfigurationPlatforms) = preSolution
		Debug|Any CPU = Debug|Any CPU
		Release|Any CPU = Release|Any CPU
	EndGlobalSection
	GlobalSection(ProjectConfigurationPlatforms) = postSolution
		{268879AD-7412-4F55-9AFF-BC33B7723389}.Debug|Any CPU.ActiveCfg = Debug|Any CPU
		{268879AD-7412-4F55-9AFF-BC33B7723389}.Debug|Any CPU.Build.0 = Debug|Any CPU
		{268879AD-7412-4F55-9AFF-BC33B7723389}.Release|Any CPU.ActiveCfg = Release|Any CPU
		{268879AD-7412-4F55-9AFF-BC33B7723389}.Release|Any CPU.Build.0 = Release|Any CPU
	EndGlobalSection
	GlobalSection(SolutionProperties) = preSolution
		HideSolutionNode = FALSE
	EndGlobalSection
	GlobalSection(ExtensibilityGlobals) = postSolution
		SolutionGuid = {EAC1E644-898E-4425-92C7-BCE87A305E9A}
	EndGlobalSection
EndGlobal
